// !$*UTF8*$!
{
	archiveVersion = 1;
	classes = {
	};
	objectVersion = 56;
	objects = {

/* Begin PBXBuildFile section */
		A70BF73B28D647D500FBA957 /* Constant.swift in Sources */ = {isa = PBXBuildFile; fileRef = A70BF73A28D647D500FBA957 /* Constant.swift */; };
		A70BF73D28D647E700FBA957 /* ActivityData.swift in Sources */ = {isa = PBXBuildFile; fileRef = A70BF73C28D647E700FBA957 /* ActivityData.swift */; };
		A7ED7E2328D63B7F0071C488 /* SportsAppApp.swift in Sources */ = {isa = PBXBuildFile; fileRef = A7ED7E2228D63B7F0071C488 /* SportsAppApp.swift */; };
		A7ED7E2528D63B7F0071C488 /* ContentView.swift in Sources */ = {isa = PBXBuildFile; fileRef = A7ED7E2428D63B7F0071C488 /* ContentView.swift */; };
		A7ED7E2728D63B800071C488 /* Assets.xcassets in Resources */ = {isa = PBXBuildFile; fileRef = A7ED7E2628D63B800071C488 /* Assets.xcassets */; };
		A7ED7E2A28D63B800071C488 /* Preview Assets.xcassets in Resources */ = {isa = PBXBuildFile; fileRef = A7ED7E2928D63B800071C488 /* Preview Assets.xcassets */; };
		A7ED7E3428D63B810071C488 /* SportsAppTests.swift in Sources */ = {isa = PBXBuildFile; fileRef = A7ED7E3328D63B810071C488 /* SportsAppTests.swift */; };
		A7ED7E3E28D63B810071C488 /* SportsAppUITests.swift in Sources */ = {isa = PBXBuildFile; fileRef = A7ED7E3D28D63B810071C488 /* SportsAppUITests.swift */; };
		A7ED7E4028D63B810071C488 /* SportsAppUITestsLaunchTests.swift in Sources */ = {isa = PBXBuildFile; fileRef = A7ED7E3F28D63B810071C488 /* SportsAppUITestsLaunchTests.swift */; };
		A7FAB8B028D6580500A74DDC /* ColorExt.swift in Sources */ = {isa = PBXBuildFile; fileRef = A7FAB8AF28D6580500A74DDC /* ColorExt.swift */; };
		A7FAB8B228D65FA200A74DDC /* SigninWithApple.swift in Sources */ = {isa = PBXBuildFile; fileRef = A7FAB8B128D65FA200A74DDC /* SigninWithApple.swift */; };
		A7FAB8B428D6620D00A74DDC /* SelectedSports.swift in Sources */ = {isa = PBXBuildFile; fileRef = A7FAB8B328D6620D00A74DDC /* SelectedSports.swift */; };
		A7FAB8B628D6624700A74DDC /* Model.swift in Sources */ = {isa = PBXBuildFile; fileRef = A7FAB8B528D6624700A74DDC /* Model.swift */; };
		A7FAB8B828D6639B00A74DDC /* LoginScreen.swift in Sources */ = {isa = PBXBuildFile; fileRef = A7FAB8B728D6639B00A74DDC /* LoginScreen.swift */; };
		A7FAB8BA28D665C200A74DDC /* PickerView.swift in Sources */ = {isa = PBXBuildFile; fileRef = A7FAB8B928D665C200A74DDC /* PickerView.swift */; };
		A7FAB8BE28D66CF200A74DDC /* BarChartView.swift in Sources */ = {isa = PBXBuildFile; fileRef = A7FAB8BD28D66CF200A74DDC /* BarChartView.swift */; };
/* End PBXBuildFile section */

/* Begin PBXContainerItemProxy section */
		A7ED7E3028D63B810071C488 /* PBXContainerItemProxy */ = {
			isa = PBXContainerItemProxy;
			containerPortal = A7ED7E1728D63B7F0071C488 /* Project object */;
			proxyType = 1;
			remoteGlobalIDString = A7ED7E1E28D63B7F0071C488;
			remoteInfo = SportsApp;
		};
		A7ED7E3A28D63B810071C488 /* PBXContainerItemProxy */ = {
			isa = PBXContainerItemProxy;
			containerPortal = A7ED7E1728D63B7F0071C488 /* Project object */;
			proxyType = 1;
			remoteGlobalIDString = A7ED7E1E28D63B7F0071C488;
			remoteInfo = SportsApp;
		};
/* End PBXContainerItemProxy section */

/* Begin PBXFileReference section */
		A70BF73A28D647D500FBA957 /* Constant.swift */ = {isa = PBXFileReference; lastKnownFileType = sourcecode.swift; path = Constant.swift; sourceTree = "<group>"; };
		A70BF73C28D647E700FBA957 /* ActivityData.swift */ = {isa = PBXFileReference; lastKnownFileType = sourcecode.swift; path = ActivityData.swift; sourceTree = "<group>"; };
		A7ED7E1F28D63B7F0071C488 /* SportsApp.app */ = {isa = PBXFileReference; explicitFileType = wrapper.application; includeInIndex = 0; path = SportsApp.app; sourceTree = BUILT_PRODUCTS_DIR; };
		A7ED7E2228D63B7F0071C488 /* SportsAppApp.swift */ = {isa = PBXFileReference; lastKnownFileType = sourcecode.swift; path = SportsAppApp.swift; sourceTree = "<group>"; };
		A7ED7E2428D63B7F0071C488 /* ContentView.swift */ = {isa = PBXFileReference; lastKnownFileType = sourcecode.swift; path = ContentView.swift; sourceTree = "<group>"; };
		A7ED7E2628D63B800071C488 /* Assets.xcassets */ = {isa = PBXFileReference; lastKnownFileType = folder.assetcatalog; path = Assets.xcassets; sourceTree = "<group>"; };
		A7ED7E2928D63B800071C488 /* Preview Assets.xcassets */ = {isa = PBXFileReference; lastKnownFileType = folder.assetcatalog; path = "Preview Assets.xcassets"; sourceTree = "<group>"; };
		A7ED7E2F28D63B810071C488 /* SportsAppTests.xctest */ = {isa = PBXFileReference; explicitFileType = wrapper.cfbundle; includeInIndex = 0; path = SportsAppTests.xctest; sourceTree = BUILT_PRODUCTS_DIR; };
		A7ED7E3328D63B810071C488 /* SportsAppTests.swift */ = {isa = PBXFileReference; lastKnownFileType = sourcecode.swift; path = SportsAppTests.swift; sourceTree = "<group>"; };
		A7ED7E3928D63B810071C488 /* SportsAppUITests.xctest */ = {isa = PBXFileReference; explicitFileType = wrapper.cfbundle; includeInIndex = 0; path = SportsAppUITests.xctest; sourceTree = BUILT_PRODUCTS_DIR; };
		A7ED7E3D28D63B810071C488 /* SportsAppUITests.swift */ = {isa = PBXFileReference; lastKnownFileType = sourcecode.swift; path = SportsAppUITests.swift; sourceTree = "<group>"; };
		A7ED7E3F28D63B810071C488 /* SportsAppUITestsLaunchTests.swift */ = {isa = PBXFileReference; lastKnownFileType = sourcecode.swift; path = SportsAppUITestsLaunchTests.swift; sourceTree = "<group>"; };
		A7FAB8AF28D6580500A74DDC /* ColorExt.swift */ = {isa = PBXFileReference; lastKnownFileType = sourcecode.swift; path = ColorExt.swift; sourceTree = "<group>"; };
		A7FAB8B128D65FA200A74DDC /* SigninWithApple.swift */ = {isa = PBXFileReference; lastKnownFileType = sourcecode.swift; path = SigninWithApple.swift; sourceTree = "<group>"; };
		A7FAB8B328D6620D00A74DDC /* SelectedSports.swift */ = {isa = PBXFileReference; lastKnownFileType = sourcecode.swift; path = SelectedSports.swift; sourceTree = "<group>"; };
		A7FAB8B528D6624700A74DDC /* Model.swift */ = {isa = PBXFileReference; lastKnownFileType = sourcecode.swift; path = Model.swift; sourceTree = "<group>"; };
		A7FAB8B728D6639B00A74DDC /* LoginScreen.swift */ = {isa = PBXFileReference; lastKnownFileType = sourcecode.swift; path = LoginScreen.swift; sourceTree = "<group>"; };
		A7FAB8B928D665C200A74DDC /* PickerView.swift */ = {isa = PBXFileReference; lastKnownFileType = sourcecode.swift; path = PickerView.swift; sourceTree = "<group>"; };
		A7FAB8BD28D66CF200A74DDC /* BarChartView.swift */ = {isa = PBXFileReference; lastKnownFileType = sourcecode.swift; path = BarChartView.swift; sourceTree = "<group>"; };
/* End PBXFileReference section */

/* Begin PBXFrameworksBuildPhase section */
		A7ED7E1C28D63B7F0071C488 /* Frameworks */ = {
			isa = PBXFrameworksBuildPhase;
			buildActionMask = 2147483647;
			files = (
			);
			runOnlyForDeploymentPostprocessing = 0;
		};
		A7ED7E2C28D63B810071C488 /* Frameworks */ = {
			isa = PBXFrameworksBuildPhase;
			buildActionMask = 2147483647;
			files = (
			);
			runOnlyForDeploymentPostprocessing = 0;
		};
		A7ED7E3628D63B810071C488 /* Frameworks */ = {
			isa = PBXFrameworksBuildPhase;
			buildActionMask = 2147483647;
			files = (
			);
			runOnlyForDeploymentPostprocessing = 0;
		};
/* End PBXFrameworksBuildPhase section */

/* Begin PBXGroup section */
		A70BF73928D647B200FBA957 /* Data */ = {
			isa = PBXGroup;
			children = (
				A70BF73A28D647D500FBA957 /* Constant.swift */,
				A70BF73C28D647E700FBA957 /* ActivityData.swift */,
				A7FAB8B128D65FA200A74DDC /* SigninWithApple.swift */,
				A7FAB8B328D6620D00A74DDC /* SelectedSports.swift */,
				A7FAB8B528D6624700A74DDC /* Model.swift */,
			);
			path = Data;
			sourceTree = "<group>";
		};
		A7ED7E1628D63B7F0071C488 = {
			isa = PBXGroup;
			children = (
				A7ED7E2128D63B7F0071C488 /* SportsApp */,
				A7ED7E3228D63B810071C488 /* SportsAppTests */,
				A7ED7E3C28D63B810071C488 /* SportsAppUITests */,
				A7ED7E2028D63B7F0071C488 /* Products */,
			);
			sourceTree = "<group>";
		};
		A7ED7E2028D63B7F0071C488 /* Products */ = {
			isa = PBXGroup;
			children = (
				A7ED7E1F28D63B7F0071C488 /* SportsApp.app */,
				A7ED7E2F28D63B810071C488 /* SportsAppTests.xctest */,
				A7ED7E3928D63B810071C488 /* SportsAppUITests.xctest */,
			);
			name = Products;
			sourceTree = "<group>";
		};
		A7ED7E2128D63B7F0071C488 /* SportsApp */ = {
			isa = PBXGroup;
			children = (
				A7FAB8AE28D6579200A74DDC /* Views */,
				A7FAB8AD28D6570300A74DDC /* Extension */,
				A7FAB8AC28D6567300A74DDC /* Screens */,
				A70BF73928D647B200FBA957 /* Data */,
				A7ED7E2228D63B7F0071C488 /* SportsAppApp.swift */,
				A7ED7E2428D63B7F0071C488 /* ContentView.swift */,
				A7ED7E2628D63B800071C488 /* Assets.xcassets */,
				A7ED7E2828D63B800071C488 /* Preview Content */,
			);
			path = SportsApp;
			sourceTree = "<group>";
		};
		A7ED7E2828D63B800071C488 /* Preview Content */ = {
			isa = PBXGroup;
			children = (
				A7ED7E2928D63B800071C488 /* Preview Assets.xcassets */,
			);
			path = "Preview Content";
			sourceTree = "<group>";
		};
		A7ED7E3228D63B810071C488 /* SportsAppTests */ = {
			isa = PBXGroup;
			children = (
				A7ED7E3328D63B810071C488 /* SportsAppTests.swift */,
			);
			path = SportsAppTests;
			sourceTree = "<group>";
		};
		A7ED7E3C28D63B810071C488 /* SportsAppUITests */ = {
			isa = PBXGroup;
			children = (
				A7ED7E3D28D63B810071C488 /* SportsAppUITests.swift */,
				A7ED7E3F28D63B810071C488 /* SportsAppUITestsLaunchTests.swift */,
			);
			path = SportsAppUITests;
			sourceTree = "<group>";
		};
		A7FAB8AC28D6567300A74DDC /* Screens */ = {
			isa = PBXGroup;
			children = (
				A7FAB8B728D6639B00A74DDC /* LoginScreen.swift */,
				A7FAB8B928D665C200A74DDC /* PickerView.swift */,
			);
			name = Screens;
			path = Data/Screens;
			sourceTree = "<group>";
		};
		A7FAB8AD28D6570300A74DDC /* Extension */ = {
			isa = PBXGroup;
			children = (
				A7FAB8AF28D6580500A74DDC /* ColorExt.swift */,
			);
			path = Extension;
			sourceTree = "<group>";
		};
		A7FAB8AE28D6579200A74DDC /* Views */ = {
			isa = PBXGroup;
			children = (
				A7FAB8BD28D66CF200A74DDC /* BarChartView.swift */,
			);
			name = Views;
			path = "Preview Content/Views";
			sourceTree = "<group>";
		};
/* End PBXGroup section */

/* Begin PBXNativeTarget section */
		A7ED7E1E28D63B7F0071C488 /* SportsApp */ = {
			isa = PBXNativeTarget;
			buildConfigurationList = A7ED7E4328D63B810071C488 /* Build configuration list for PBXNativeTarget "SportsApp" */;
			buildPhases = (
				A7ED7E1B28D63B7F0071C488 /* Sources */,
				A7ED7E1C28D63B7F0071C488 /* Frameworks */,
				A7ED7E1D28D63B7F0071C488 /* Resources */,
			);
			buildRules = (
			);
			dependencies = (
			);
			name = SportsApp;
			productName = SportsApp;
			productReference = A7ED7E1F28D63B7F0071C488 /* SportsApp.app */;
			productType = "com.apple.product-type.application";
		};
		A7ED7E2E28D63B810071C488 /* SportsAppTests */ = {
			isa = PBXNativeTarget;
			buildConfigurationList = A7ED7E4628D63B810071C488 /* Build configuration list for PBXNativeTarget "SportsAppTests" */;
			buildPhases = (
				A7ED7E2B28D63B810071C488 /* Sources */,
				A7ED7E2C28D63B810071C488 /* Frameworks */,
				A7ED7E2D28D63B810071C488 /* Resources */,
			);
			buildRules = (
			);
			dependencies = (
				A7ED7E3128D63B810071C488 /* PBXTargetDependency */,
			);
			name = SportsAppTests;
			productName = SportsAppTests;
			productReference = A7ED7E2F28D63B810071C488 /* SportsAppTests.xctest */;
			productType = "com.apple.product-type.bundle.unit-test";
		};
		A7ED7E3828D63B810071C488 /* SportsAppUITests */ = {
			isa = PBXNativeTarget;
			buildConfigurationList = A7ED7E4928D63B810071C488 /* Build configuration list for PBXNativeTarget "SportsAppUITests" */;
			buildPhases = (
				A7ED7E3528D63B810071C488 /* Sources */,
				A7ED7E3628D63B810071C488 /* Frameworks */,
				A7ED7E3728D63B810071C488 /* Resources */,
			);
			buildRules = (
			);
			dependencies = (
				A7ED7E3B28D63B810071C488 /* PBXTargetDependency */,
			);
			name = SportsAppUITests;
			productName = SportsAppUITests;
			productReference = A7ED7E3928D63B810071C488 /* SportsAppUITests.xctest */;
			productType = "com.apple.product-type.bundle.ui-testing";
		};
/* End PBXNativeTarget section */

/* Begin PBXProject section */
		A7ED7E1728D63B7F0071C488 /* Project object */ = {
			isa = PBXProject;
			attributes = {
				BuildIndependentTargetsInParallel = 1;
				LastSwiftUpdateCheck = 1400;
				LastUpgradeCheck = 1400;
				TargetAttributes = {
					A7ED7E1E28D63B7F0071C488 = {
						CreatedOnToolsVersion = 14.0;
					};
					A7ED7E2E28D63B810071C488 = {
						CreatedOnToolsVersion = 14.0;
						TestTargetID = A7ED7E1E28D63B7F0071C488;
					};
					A7ED7E3828D63B810071C488 = {
						CreatedOnToolsVersion = 14.0;
						TestTargetID = A7ED7E1E28D63B7F0071C488;
					};
				};
			};
			buildConfigurationList = A7ED7E1A28D63B7F0071C488 /* Build configuration list for PBXProject "SportsApp" */;
			compatibilityVersion = "Xcode 14.0";
			developmentRegion = en;
			hasScannedForEncodings = 0;
			knownRegions = (
				en,
				Base,
			);
			mainGroup = A7ED7E1628D63B7F0071C488;
			productRefGroup = A7ED7E2028D63B7F0071C488 /* Products */;
			projectDirPath = "";
			projectRoot = "";
			targets = (
				A7ED7E1E28D63B7F0071C488 /* SportsApp */,
				A7ED7E2E28D63B810071C488 /* SportsAppTests */,
				A7ED7E3828D63B810071C488 /* SportsAppUITests */,
			);
		};
/* End PBXProject section */

/* Begin PBXResourcesBuildPhase section */
		A7ED7E1D28D63B7F0071C488 /* Resources */ = {
			isa = PBXResourcesBuildPhase;
			buildActionMask = 2147483647;
			files = (
				A7ED7E2A28D63B800071C488 /* Preview Assets.xcassets in Resources */,
				A7ED7E2728D63B800071C488 /* Assets.xcassets in Resources */,
			);
			runOnlyForDeploymentPostprocessing = 0;
		};
		A7ED7E2D28D63B810071C488 /* Resources */ = {
			isa = PBXResourcesBuildPhase;
			buildActionMask = 2147483647;
			files = (
			);
			runOnlyForDeploymentPostprocessing = 0;
		};
		A7ED7E3728D63B810071C488 /* Resources */ = {
			isa = PBXResourcesBuildPhase;
			buildActionMask = 2147483647;
			files = (
			);
			runOnlyForDeploymentPostprocessing = 0;
		};
/* End PBXResourcesBuildPhase section */

/* Begin PBXSourcesBuildPhase section */
		A7ED7E1B28D63B7F0071C488 /* Sources */ = {
			isa = PBXSourcesBuildPhase;
			buildActionMask = 2147483647;
			files = (
				A70BF73D28D647E700FBA957 /* ActivityData.swift in Sources */,
				A7FAB8B428D6620D00A74DDC /* SelectedSports.swift in Sources */,
				A7FAB8B828D6639B00A74DDC /* LoginScreen.swift in Sources */,
				A7FAB8B028D6580500A74DDC /* ColorExt.swift in Sources */,
				A7FAB8B228D65FA200A74DDC /* SigninWithApple.swift in Sources */,
				A7ED7E2528D63B7F0071C488 /* ContentView.swift in Sources */,
				A7ED7E2328D63B7F0071C488 /* SportsAppApp.swift in Sources */,
				A70BF73B28D647D500FBA957 /* Constant.swift in Sources */,
				A7FAB8BA28D665C200A74DDC /* PickerView.swift in Sources */,
				A7FAB8B628D6624700A74DDC /* Model.swift in Sources */,
				A7FAB8BE28D66CF200A74DDC /* BarChartView.swift in Sources */,
			);
			runOnlyForDeploymentPostprocessing = 0;
		};
		A7ED7E2B28D63B810071C488 /* Sources */ = {
			isa = PBXSourcesBuildPhase;
			buildActionMask = 2147483647;
			files = (
				A7ED7E3428D63B810071C488 /* SportsAppTests.swift in Sources */,
			);
			runOnlyForDeploymentPostprocessing = 0;
		};
		A7ED7E3528D63B810071C488 /* Sources */ = {
			isa = PBXSourcesBuildPhase;
			buildActionMask = 2147483647;
			files = (
				A7ED7E3E28D63B810071C488 /* SportsAppUITests.swift in Sources */,
				A7ED7E4028D63B810071C488 /* SportsAppUITestsLaunchTests.swift in Sources */,
			);
			runOnlyForDeploymentPostprocessing = 0;
		};
/* End PBXSourcesBuildPhase section */

/* Begin PBXTargetDependency section */
		A7ED7E3128D63B810071C488 /* PBXTargetDependency */ = {
			isa = PBXTargetDependency;
			target = A7ED7E1E28D63B7F0071C488 /* SportsApp */;
			targetProxy = A7ED7E3028D63B810071C488 /* PBXContainerItemProxy */;
		};
		A7ED7E3B28D63B810071C488 /* PBXTargetDependency */ = {
			isa = PBXTargetDependency;
			target = A7ED7E1E28D63B7F0071C488 /* SportsApp */;
			targetProxy = A7ED7E3A28D63B810071C488 /* PBXContainerItemProxy */;
		};
/* End PBXTargetDependency section */

/* Begin XCBuildConfiguration section */
		A7ED7E4128D63B810071C488 /* Debug */ = {
			isa = XCBuildConfiguration;
			buildSettings = {
				ALWAYS_SEARCH_USER_PATHS = NO;
				CLANG_ANALYZER_NONNULL = YES;
				CLANG_ANALYZER_NUMBER_OBJECT_CONVERSION = YES_AGGRESSIVE;
				CLANG_CXX_LANGUAGE_STANDARD = "gnu++17";
				CLANG_ENABLE_MODULES = YES;
				CLANG_ENABLE_OBJC_ARC = YES;
				CLANG_ENABLE_OBJC_WEAK = YES;
				CLANG_WARN_BLOCK_CAPTURE_AUTORELEASING = YES;
				CLANG_WARN_BOOL_CONVERSION = YES;
				CLANG_WARN_COMMA = YES;
				CLANG_WARN_CONSTANT_CONVERSION = YES;
				CLANG_WARN_DEPRECATED_OBJC_IMPLEMENTATIONS = YES;
				CLANG_WARN_DIRECT_OBJC_ISA_USAGE = YES_ERROR;
				CLANG_WARN_DOCUMENTATION_COMMENTS = YES;
				CLANG_WARN_EMPTY_BODY = YES;
				CLANG_WARN_ENUM_CONVERSION = YES;
				CLANG_WARN_INFINITE_RECURSION = YES;
				CLANG_WARN_INT_CONVERSION = YES;
				CLANG_WARN_NON_LITERAL_NULL_CONVERSION = YES;
				CLANG_WARN_OBJC_IMPLICIT_RETAIN_SELF = YES;
				CLANG_WARN_OBJC_LITERAL_CONVERSION = YES;
				CLANG_WARN_OBJC_ROOT_CLASS = YES_ERROR;
				CLANG_WARN_QUOTED_INCLUDE_IN_FRAMEWORK_HEADER = YES;
				CLANG_WARN_RANGE_LOOP_ANALYSIS = YES;
				CLANG_WARN_STRICT_PROTOTYPES = YES;
				CLANG_WARN_SUSPICIOUS_MOVE = YES;
				CLANG_WARN_UNGUARDED_AVAILABILITY = YES_AGGRESSIVE;
				CLANG_WARN_UNREACHABLE_CODE = YES;
				CLANG_WARN__DUPLICATE_METHOD_MATCH = YES;
				COPY_PHASE_STRIP = NO;
				DEBUG_INFORMATION_FORMAT = dwarf;
				ENABLE_STRICT_OBJC_MSGSEND = YES;
				ENABLE_TESTABILITY = YES;
				GCC_C_LANGUAGE_STANDARD = gnu11;
				GCC_DYNAMIC_NO_PIC = NO;
				GCC_NO_COMMON_BLOCKS = YES;
				GCC_OPTIMIZATION_LEVEL = 0;
				GCC_PREPROCESSOR_DEFINITIONS = (
					"DEBUG=1",
					"$(inherited)",
				);
				GCC_WARN_64_TO_32_BIT_CONVERSION = YES;
				GCC_WARN_ABOUT_RETURN_TYPE = YES_ERROR;
				GCC_WARN_UNDECLARED_SELECTOR = YES;
				GCC_WARN_UNINITIALIZED_AUTOS = YES_AGGRESSIVE;
				GCC_WARN_UNUSED_FUNCTION = YES;
				GCC_WARN_UNUSED_VARIABLE = YES;
				IPHONEOS_DEPLOYMENT_TARGET = 16.0;
				MTL_ENABLE_DEBUG_INFO = INCLUDE_SOURCE;
				MTL_FAST_MATH = YES;
				ONLY_ACTIVE_ARCH = YES;
				SDKROOT = iphoneos;
				SWIFT_ACTIVE_COMPILATION_CONDITIONS = DEBUG;
				SWIFT_OPTIMIZATION_LEVEL = "-Onone";
			};
			name = Debug;
		};
		A7ED7E4228D63B810071C488 /* Release */ = {
			isa = XCBuildConfiguration;
			buildSettings = {
				ALWAYS_SEARCH_USER_PATHS = NO;
				CLANG_ANALYZER_NONNULL = YES;
				CLANG_ANALYZER_NUMBER_OBJECT_CONVERSION = YES_AGGRESSIVE;
				CLANG_CXX_LANGUAGE_STANDARD = "gnu++17";
				CLANG_ENABLE_MODULES = YES;
				CLANG_ENABLE_OBJC_ARC = YES;
				CLANG_ENABLE_OBJC_WEAK = YES;
				CLANG_WARN_BLOCK_CAPTURE_AUTORELEASING = YES;
				CLANG_WARN_BOOL_CONVERSION = YES;
				CLANG_WARN_COMMA = YES;
				CLANG_WARN_CONSTANT_CONVERSION = YES;
				CLANG_WARN_DEPRECATED_OBJC_IMPLEMENTATIONS = YES;
				CLANG_WARN_DIRECT_OBJC_ISA_USAGE = YES_ERROR;
				CLANG_WARN_DOCUMENTATION_COMMENTS = YES;
				CLANG_WARN_EMPTY_BODY = YES;
				CLANG_WARN_ENUM_CONVERSION = YES;
				CLANG_WARN_INFINITE_RECURSION = YES;
				CLANG_WARN_INT_CONVERSION = YES;
				CLANG_WARN_NON_LITERAL_NULL_CONVERSION = YES;
				CLANG_WARN_OBJC_IMPLICIT_RETAIN_SELF = YES;
				CLANG_WARN_OBJC_LITERAL_CONVERSION = YES;
				CLANG_WARN_OBJC_ROOT_CLASS = YES_ERROR;
				CLANG_WARN_QUOTED_INCLUDE_IN_FRAMEWORK_HEADER = YES;
				CLANG_WARN_RANGE_LOOP_ANALYSIS = YES;
				CLANG_WARN_STRICT_PROTOTYPES = YES;
				CLANG_WARN_SUSPICIOUS_MOVE = YES;
				CLANG_WARN_UNGUARDED_AVAILABILITY = YES_AGGRESSIVE;
				CLANG_WARN_UNREACHABLE_CODE = YES;
				CLANG_WARN__DUPLICATE_METHOD_MATCH = YES;
				COPY_PHASE_STRIP = NO;
				DEBUG_INFORMATION_FORMAT = "dwarf-with-dsym";
				ENABLE_NS_ASSERTIONS = NO;
				ENABLE_STRICT_OBJC_MSGSEND = YES;
				GCC_C_LANGUAGE_STANDARD = gnu11;
				GCC_NO_COMMON_BLOCKS = YES;
				GCC_WARN_64_TO_32_BIT_CONVERSION = YES;
				GCC_WARN_ABOUT_RETURN_TYPE = YES_ERROR;
				GCC_WARN_UNDECLARED_SELECTOR = YES;
				GCC_WARN_UNINITIALIZED_AUTOS = YES_AGGRESSIVE;
				GCC_WARN_UNUSED_FUNCTION = YES;
				GCC_WARN_UNUSED_VARIABLE = YES;
				IPHONEOS_DEPLOYMENT_TARGET = 16.0;
				MTL_ENABLE_DEBUG_INFO = NO;
				MTL_FAST_MATH = YES;
				SDKROOT = iphoneos;
				SWIFT_COMPILATION_MODE = wholemodule;
				SWIFT_OPTIMIZATION_LEVEL = "-O";
				VALIDATE_PRODUCT = YES;
			};
			name = Release;
		};
		A7ED7E4428D63B810071C488 /* Debug */ = {
			isa = XCBuildConfiguration;
			buildSettings = {
				ASSETCATALOG_COMPILER_APPICON_NAME = AppIcon;
				ASSETCATALOG_COMPILER_GLOBAL_ACCENT_COLOR_NAME = AccentColor;
				CODE_SIGN_STYLE = Automatic;
				CURRENT_PROJECT_VERSION = 1;
				DEVELOPMENT_ASSET_PATHS = "\"SportsApp/Preview Content\"";
				DEVELOPMENT_TEAM = 4Q6S759NWS;
				ENABLE_PREVIEWS = YES;
				GENERATE_INFOPLIST_FILE = YES;
				INFOPLIST_KEY_UIApplicationSceneManifest_Generation = YES;
				INFOPLIST_KEY_UIApplicationSupportsIndirectInputEvents = YES;
				INFOPLIST_KEY_UILaunchScreen_Generation = YES;
				INFOPLIST_KEY_UISupportedInterfaceOrientations_iPad = "UIInterfaceOrientationPortrait UIInterfaceOrientationPortraitUpsideDown UIInterfaceOrientationLandscapeLeft UIInterfaceOrientationLandscapeRight";
				INFOPLIST_KEY_UISupportedInterfaceOrientations_iPhone = "UIInterfaceOrientationPortrait UIInterfaceOrientationLandscapeLeft UIInterfaceOrientationLandscapeRight";
				LD_RUNPATH_SEARCH_PATHS = (
					"$(inherited)",
					"@executable_path/Frameworks",
				);
				MARKETING_VERSION = 1.0;
				PRODUCT_BUNDLE_IDENTIFIER = Temi.SportsApp;
				PRODUCT_NAME = "$(TARGET_NAME)";
				SWIFT_EMIT_LOC_STRINGS = YES;
				SWIFT_VERSION = 5.0;
				TARGETED_DEVICE_FAMILY = "1,2";
			};
			name = Debug;
		};
		A7ED7E4528D63B810071C488 /* Release */ = {
			isa = XCBuildConfiguration;
			buildSettings = {
				ASSETCATALOG_COMPILER_APPICON_NAME = AppIcon;
				ASSETCATALOG_COMPILER_GLOBAL_ACCENT_COLOR_NAME = AccentColor;
				CODE_SIGN_STYLE = Automatic;
				CURRENT_PROJECT_VERSION = 1;
				DEVELOPMENT_ASSET_PATHS = "\"SportsApp/Preview Content\"";
				DEVELOPMENT_TEAM = 4Q6S759NWS;
				ENABLE_PREVIEWS = YES;
				GENERATE_INFOPLIST_FILE = YES;
				INFOPLIST_KEY_UIApplicationSceneManifest_Generation = YES;
				INFOPLIST_KEY_UIApplicationSupportsIndirectInputEvents = YES;
				INFOPLIST_KEY_UILaunchScreen_Generation = YES;
				INFOPLIST_KEY_UISupportedInterfaceOrientations_iPad = "UIInterfaceOrientationPortrait UIInterfaceOrientationPortraitUpsideDown UIInterfaceOrientationLandscapeLeft UIInterfaceOrientationLandscapeRight";
				INFOPLIST_KEY_UISupportedInterfaceOrientations_iPhone = "UIInterfaceOrientationPortrait UIInterfaceOrientationLandscapeLeft UIInterfaceOrientationLandscapeRight";
				LD_RUNPATH_SEARCH_PATHS = (
					"$(inherited)",
					"@executable_path/Frameworks",
				);
				MARKETING_VERSION = 1.0;
				PRODUCT_BUNDLE_IDENTIFIER = Temi.SportsApp;
				PRODUCT_NAME = "$(TARGET_NAME)";
				SWIFT_EMIT_LOC_STRINGS = YES;
				SWIFT_VERSION = 5.0;
				TARGETED_DEVICE_FAMILY = "1,2";
			};
			name = Release;
		};
		A7ED7E4728D63B810071C488 /* Debug */ = {
			isa = XCBuildConfiguration;
			buildSettings = {
				ALWAYS_EMBED_SWIFT_STANDARD_LIBRARIES = YES;
				BUNDLE_LOADER = "$(TEST_HOST)";
				CODE_SIGN_STYLE = Automatic;
				CURRENT_PROJECT_VERSION = 1;
				DEVELOPMENT_TEAM = 4Q6S759NWS;
				GENERATE_INFOPLIST_FILE = YES;
				IPHONEOS_DEPLOYMENT_TARGET = 16.0;
				MARKETING_VERSION = 1.0;
				PRODUCT_BUNDLE_IDENTIFIER = Temi.SportsAppTests;
				PRODUCT_NAME = "$(TARGET_NAME)";
				SWIFT_EMIT_LOC_STRINGS = NO;
				SWIFT_VERSION = 5.0;
				TARGETED_DEVICE_FAMILY = "1,2";
				TEST_HOST = "$(BUILT_PRODUCTS_DIR)/SportsApp.app/$(BUNDLE_EXECUTABLE_FOLDER_PATH)/SportsApp";
			};
			name = Debug;
		};
		A7ED7E4828D63B810071C488 /* Release */ = {
			isa = XCBuildConfiguration;
			buildSettings = {
				ALWAYS_EMBED_SWIFT_STANDARD_LIBRARIES = YES;
				BUNDLE_LOADER = "$(TEST_HOST)";
				CODE_SIGN_STYLE = Automatic;
				CURRENT_PROJECT_VERSION = 1;
				DEVELOPMENT_TEAM = 4Q6S759NWS;
				GENERATE_INFOPLIST_FILE = YES;
				IPHONEOS_DEPLOYMENT_TARGET = 16.0;
				MARKETING_VERSION = 1.0;
				PRODUCT_BUNDLE_IDENTIFIER = Temi.SportsAppTests;
				PRODUCT_NAME = "$(TARGET_NAME)";
				SWIFT_EMIT_LOC_STRINGS = NO;
				SWIFT_VERSION = 5.0;
				TARGETED_DEVICE_FAMILY = "1,2";
				TEST_HOST = "$(BUILT_PRODUCTS_DIR)/SportsApp.app/$(BUNDLE_EXECUTABLE_FOLDER_PATH)/SportsApp";
			};
			name = Release;
		};
		A7ED7E4A28D63B810071C488 /* Debug */ = {
			isa = XCBuildConfiguration;
			buildSettings = {
				ALWAYS_EMBED_SWIFT_STANDARD_LIBRARIES = YES;
				CODE_SIGN_STYLE = Automatic;
				CURRENT_PROJECT_VERSION = 1;
				DEVELOPMENT_TEAM = 4Q6S759NWS;
				GENERATE_INFOPLIST_FILE = YES;
				MARKETING_VERSION = 1.0;
				PRODUCT_BUNDLE_IDENTIFIER = Temi.SportsAppUITests;
				PRODUCT_NAME = "$(TARGET_NAME)";
				SWIFT_EMIT_LOC_STRINGS = NO;
				SWIFT_VERSION = 5.0;
				TARGETED_DEVICE_FAMILY = "1,2";
				TEST_TARGET_NAME = SportsApp;
			};
			name = Debug;
		};
		A7ED7E4B28D63B810071C488 /* Release */ = {
			isa = XCBuildConfiguration;
			buildSettings = {
				ALWAYS_EMBED_SWIFT_STANDARD_LIBRARIES = YES;
				CODE_SIGN_STYLE = Automatic;
				CURRENT_PROJECT_VERSION = 1;
				DEVELOPMENT_TEAM = 4Q6S759NWS;
				GENERATE_INFOPLIST_FILE = YES;
				MARKETING_VERSION = 1.0;
				PRODUCT_BUNDLE_IDENTIFIER = Temi.SportsAppUITests;
				PRODUCT_NAME = "$(TARGET_NAME)";
				SWIFT_EMIT_LOC_STRINGS = NO;
				SWIFT_VERSION = 5.0;
				TARGETED_DEVICE_FAMILY = "1,2";
				TEST_TARGET_NAME = SportsApp;
			};
			name = Release;
		};
/* End XCBuildConfiguration section */

/* Begin XCConfigurationList section */
		A7ED7E1A28D63B7F0071C488 /* Build configuration list for PBXProject "SportsApp" */ = {
			isa = XCConfigurationList;
			buildConfigurations = (
				A7ED7E4128D63B810071C488 /* Debug */,
				A7ED7E4228D63B810071C488 /* Release */,
			);
			defaultConfigurationIsVisible = 0;
			defaultConfigurationName = Release;
		};
		A7ED7E4328D63B810071C488 /* Build configuration list for PBXNativeTarget "SportsApp" */ = {
			isa = XCConfigurationList;
			buildConfigurations = (
				A7ED7E4428D63B810071C488 /* Debug */,
				A7ED7E4528D63B810071C488 /* Release */,
			);
			defaultConfigurationIsVisible = 0;
			defaultConfigurationName = Release;
		};
		A7ED7E4628D63B810071C488 /* Build configuration list for PBXNativeTarget "SportsAppTests" */ = {
			isa = XCConfigurationList;
			buildConfigurations = (
				A7ED7E4728D63B810071C488 /* Debug */,
				A7ED7E4828D63B810071C488 /* Release */,
			);
			defaultConfigurationIsVisible = 0;
			defaultConfigurationName = Release;
		};
		A7ED7E4928D63B810071C488 /* Build configuration list for PBXNativeTarget "SportsAppUITests" */ = {
			isa = XCConfigurationList;
			buildConfigurations = (
				A7ED7E4A28D63B810071C488 /* Debug */,
				A7ED7E4B28D63B810071C488 /* Release */,
			);
			defaultConfigurationIsVisible = 0;
			defaultConfigurationName = Release;
		};
/* End XCConfigurationList section */
	};
	rootObject = A7ED7E1728D63B7F0071C488 /* Project object */;
}
